// !$*UTF8*$!
{
	archiveVersion = 1;
	classes = {
	};
	objectVersion = 55;
	objects = {

/* Begin PBXBuildFile section */
		CF2AE15828CA58CC0023DDC9 /* AppApp.swift in Sources */ = {isa = PBXBuildFile; fileRef = CF2AE15728CA58CC0023DDC9 /* AppApp.swift */; };
		CF2AE15A28CA58CC0023DDC9 /* ContentView.swift in Sources */ = {isa = PBXBuildFile; fileRef = CF2AE15928CA58CC0023DDC9 /* ContentView.swift */; };
		CF2AE15C28CA58CD0023DDC9 /* Assets.xcassets in Resources */ = {isa = PBXBuildFile; fileRef = CF2AE15B28CA58CD0023DDC9 /* Assets.xcassets */; };
		CF2AE15F28CA58CD0023DDC9 /* Preview Assets.xcassets in Resources */ = {isa = PBXBuildFile; fileRef = CF2AE15E28CA58CD0023DDC9 /* Preview Assets.xcassets */; };
		CF2AE16928CA58CD0023DDC9 /* AppTests.swift in Sources */ = {isa = PBXBuildFile; fileRef = CF2AE16828CA58CD0023DDC9 /* AppTests.swift */; };
		CF2AE17328CA58CD0023DDC9 /* AppUITests.swift in Sources */ = {isa = PBXBuildFile; fileRef = CF2AE17228CA58CD0023DDC9 /* AppUITests.swift */; };
		CF2AE17528CA58CD0023DDC9 /* AppUITestsLaunchTests.swift in Sources */ = {isa = PBXBuildFile; fileRef = CF2AE17428CA58CD0023DDC9 /* AppUITestsLaunchTests.swift */; };
		CF2AE18228CA58D60023DDC9 /* TabBar.swift in Sources */ = {isa = PBXBuildFile; fileRef = CF2AE18128CA58D60023DDC9 /* TabBar.swift */; };
		CF5BB6AE28CA59C700A42380 /* GoogleService-Info.plist in Resources */ = {isa = PBXBuildFile; fileRef = CF5BB6AD28CA59C700A42380 /* GoogleService-Info.plist */; };
		CF5BB6B128CA5DE500A42380 /* FirebaseAuth in Frameworks */ = {isa = PBXBuildFile; productRef = CF5BB6B028CA5DE500A42380 /* FirebaseAuth */; };
		CF5BB6B328CA5DE500A42380 /* FirebaseDatabase in Frameworks */ = {isa = PBXBuildFile; productRef = CF5BB6B228CA5DE500A42380 /* FirebaseDatabase */; };
		CF5BB6B528CA5DE500A42380 /* FirebaseDatabaseSwift in Frameworks */ = {isa = PBXBuildFile; productRef = CF5BB6B428CA5DE500A42380 /* FirebaseDatabaseSwift */; };
		CF5BB6B728CA5DE500A42380 /* FirebaseFirestore in Frameworks */ = {isa = PBXBuildFile; productRef = CF5BB6B628CA5DE500A42380 /* FirebaseFirestore */; };
		CF5BB6B928CA5DE500A42380 /* FirebaseFirestoreSwift in Frameworks */ = {isa = PBXBuildFile; productRef = CF5BB6B828CA5DE500A42380 /* FirebaseFirestoreSwift */; };
		CF5BB6BB28CA5DE500A42380 /* FirebaseStorage in Frameworks */ = {isa = PBXBuildFile; productRef = CF5BB6BA28CA5DE500A42380 /* FirebaseStorage */; };
		CF5BB6BF28CA5FDE00A42380 /* Feed.swift in Sources */ = {isa = PBXBuildFile; fileRef = CF5BB6BE28CA5FDE00A42380 /* Feed.swift */; };
		CF5BB6C128CA602400A42380 /* ViewModel.swift in Sources */ = {isa = PBXBuildFile; fileRef = CF5BB6C028CA602400A42380 /* ViewModel.swift */; };
		CF5BB6C328CA60FC00A42380 /* FeedsView.swift in Sources */ = {isa = PBXBuildFile; fileRef = CF5BB6C228CA60FC00A42380 /* FeedsView.swift */; };
/* End PBXBuildFile section */

/* Begin PBXContainerItemProxy section */
		CF2AE16528CA58CD0023DDC9 /* PBXContainerItemProxy */ = {
			isa = PBXContainerItemProxy;
			containerPortal = CF2AE14C28CA58CC0023DDC9 /* Project object */;
			proxyType = 1;
			remoteGlobalIDString = CF2AE15328CA58CC0023DDC9;
			remoteInfo = App;
		};
		CF2AE16F28CA58CD0023DDC9 /* PBXContainerItemProxy */ = {
			isa = PBXContainerItemProxy;
			containerPortal = CF2AE14C28CA58CC0023DDC9 /* Project object */;
			proxyType = 1;
			remoteGlobalIDString = CF2AE15328CA58CC0023DDC9;
			remoteInfo = App;
		};
/* End PBXContainerItemProxy section */

/* Begin PBXFileReference section */
		CF2AE15428CA58CC0023DDC9 /* App.app */ = {isa = PBXFileReference; explicitFileType = wrapper.application; includeInIndex = 0; path = App.app; sourceTree = BUILT_PRODUCTS_DIR; };
		CF2AE15728CA58CC0023DDC9 /* AppApp.swift */ = {isa = PBXFileReference; lastKnownFileType = sourcecode.swift; path = AppApp.swift; sourceTree = "<group>"; };
		CF2AE15928CA58CC0023DDC9 /* ContentView.swift */ = {isa = PBXFileReference; lastKnownFileType = sourcecode.swift; path = ContentView.swift; sourceTree = "<group>"; };
		CF2AE15B28CA58CD0023DDC9 /* Assets.xcassets */ = {isa = PBXFileReference; lastKnownFileType = folder.assetcatalog; path = Assets.xcassets; sourceTree = "<group>"; };
		CF2AE15E28CA58CD0023DDC9 /* Preview Assets.xcassets */ = {isa = PBXFileReference; lastKnownFileType = folder.assetcatalog; path = "Preview Assets.xcassets"; sourceTree = "<group>"; };
		CF2AE16428CA58CD0023DDC9 /* AppTests.xctest */ = {isa = PBXFileReference; explicitFileType = wrapper.cfbundle; includeInIndex = 0; path = AppTests.xctest; sourceTree = BUILT_PRODUCTS_DIR; };
		CF2AE16828CA58CD0023DDC9 /* AppTests.swift */ = {isa = PBXFileReference; lastKnownFileType = sourcecode.swift; path = AppTests.swift; sourceTree = "<group>"; };
		CF2AE16E28CA58CD0023DDC9 /* AppUITests.xctest */ = {isa = PBXFileReference; explicitFileType = wrapper.cfbundle; includeInIndex = 0; path = AppUITests.xctest; sourceTree = BUILT_PRODUCTS_DIR; };
		CF2AE17228CA58CD0023DDC9 /* AppUITests.swift */ = {isa = PBXFileReference; lastKnownFileType = sourcecode.swift; path = AppUITests.swift; sourceTree = "<group>"; };
		CF2AE17428CA58CD0023DDC9 /* AppUITestsLaunchTests.swift */ = {isa = PBXFileReference; lastKnownFileType = sourcecode.swift; path = AppUITestsLaunchTests.swift; sourceTree = "<group>"; };
		CF2AE18128CA58D60023DDC9 /* TabBar.swift */ = {isa = PBXFileReference; lastKnownFileType = sourcecode.swift; path = TabBar.swift; sourceTree = "<group>"; };
		CF5BB6AD28CA59C700A42380 /* GoogleService-Info.plist */ = {isa = PBXFileReference; fileEncoding = 4; lastKnownFileType = text.plist.xml; path = "GoogleService-Info.plist"; sourceTree = "<group>"; };
		CF5BB6BE28CA5FDE00A42380 /* Feed.swift */ = {isa = PBXFileReference; lastKnownFileType = sourcecode.swift; path = Feed.swift; sourceTree = "<group>"; };
		CF5BB6C028CA602400A42380 /* ViewModel.swift */ = {isa = PBXFileReference; lastKnownFileType = sourcecode.swift; path = ViewModel.swift; sourceTree = "<group>"; };
		CF5BB6C228CA60FC00A42380 /* FeedsView.swift */ = {isa = PBXFileReference; lastKnownFileType = sourcecode.swift; path = FeedsView.swift; sourceTree = "<group>"; };
/* End PBXFileReference section */

/* Begin PBXFrameworksBuildPhase section */
		CF2AE15128CA58CC0023DDC9 /* Frameworks */ = {
			isa = PBXFrameworksBuildPhase;
			buildActionMask = 2147483647;
			files = (
				CF5BB6B928CA5DE500A42380 /* FirebaseFirestoreSwift in Frameworks */,
				CF5BB6B528CA5DE500A42380 /* FirebaseDatabaseSwift in Frameworks */,
				CF5BB6B728CA5DE500A42380 /* FirebaseFirestore in Frameworks */,
				CF5BB6B328CA5DE500A42380 /* FirebaseDatabase in Frameworks */,
				CF5BB6B128CA5DE500A42380 /* FirebaseAuth in Frameworks */,
				CF5BB6BB28CA5DE500A42380 /* FirebaseStorage in Frameworks */,
			);
			runOnlyForDeploymentPostprocessing = 0;
		};
		CF2AE16128CA58CD0023DDC9 /* Frameworks */ = {
			isa = PBXFrameworksBuildPhase;
			buildActionMask = 2147483647;
			files = (
			);
			runOnlyForDeploymentPostprocessing = 0;
		};
		CF2AE16B28CA58CD0023DDC9 /* Frameworks */ = {
			isa = PBXFrameworksBuildPhase;
			buildActionMask = 2147483647;
			files = (
			);
			runOnlyForDeploymentPostprocessing = 0;
		};
/* End PBXFrameworksBuildPhase section */

/* Begin PBXGroup section */
		CF2AE14B28CA58CC0023DDC9 = {
			isa = PBXGroup;
			children = (
				CF2AE15628CA58CC0023DDC9 /* App */,
				CF2AE16728CA58CD0023DDC9 /* AppTests */,
				CF2AE17128CA58CD0023DDC9 /* AppUITests */,
				CF2AE15528CA58CC0023DDC9 /* Products */,
			);
			sourceTree = "<group>";
		};
		CF2AE15528CA58CC0023DDC9 /* Products */ = {
			isa = PBXGroup;
			children = (
				CF2AE15428CA58CC0023DDC9 /* App.app */,
				CF2AE16428CA58CD0023DDC9 /* AppTests.xctest */,
				CF2AE16E28CA58CD0023DDC9 /* AppUITests.xctest */,
			);
			name = Products;
			sourceTree = "<group>";
		};
		CF2AE15628CA58CC0023DDC9 /* App */ = {
			isa = PBXGroup;
			children = (
				CF2AE15728CA58CC0023DDC9 /* AppApp.swift */,
				CF2AE15928CA58CC0023DDC9 /* ContentView.swift */,
				CF5BB6BE28CA5FDE00A42380 /* Feed.swift */,
				CF5BB6C028CA602400A42380 /* ViewModel.swift */,
				CF5BB6C228CA60FC00A42380 /* FeedsView.swift */,
				CF2AE18128CA58D60023DDC9 /* TabBar.swift */,
				CF2AE15B28CA58CD0023DDC9 /* Assets.xcassets */,
				CF5BB6AD28CA59C700A42380 /* GoogleService-Info.plist */,
				CF2AE15D28CA58CD0023DDC9 /* Preview Content */,
			);
			path = App;
			sourceTree = "<group>";
		};
		CF2AE15D28CA58CD0023DDC9 /* Preview Content */ = {
			isa = PBXGroup;
			children = (
				CF2AE15E28CA58CD0023DDC9 /* Preview Assets.xcassets */,
			);
			path = "Preview Content";
			sourceTree = "<group>";
		};
		CF2AE16728CA58CD0023DDC9 /* AppTests */ = {
			isa = PBXGroup;
			children = (
				CF2AE16828CA58CD0023DDC9 /* AppTests.swift */,
			);
			path = AppTests;
			sourceTree = "<group>";
		};
		CF2AE17128CA58CD0023DDC9 /* AppUITests */ = {
			isa = PBXGroup;
			children = (
				CF2AE17228CA58CD0023DDC9 /* AppUITests.swift */,
				CF2AE17428CA58CD0023DDC9 /* AppUITestsLaunchTests.swift */,
			);
			path = AppUITests;
			sourceTree = "<group>";
		};
/* End PBXGroup section */

/* Begin PBXNativeTarget section */
		CF2AE15328CA58CC0023DDC9 /* App */ = {
			isa = PBXNativeTarget;
			buildConfigurationList = CF2AE17828CA58CD0023DDC9 /* Build configuration list for PBXNativeTarget "App" */;
			buildPhases = (
				CF2AE15028CA58CC0023DDC9 /* Sources */,
				CF2AE15128CA58CC0023DDC9 /* Frameworks */,
				CF2AE15228CA58CC0023DDC9 /* Resources */,
			);
			buildRules = (
			);
			dependencies = (
			);
			name = App;
			packageProductDependencies = (
				CF5BB6B028CA5DE500A42380 /* FirebaseAuth */,
				CF5BB6B228CA5DE500A42380 /* FirebaseDatabase */,
				CF5BB6B428CA5DE500A42380 /* FirebaseDatabaseSwift */,
				CF5BB6B628CA5DE500A42380 /* FirebaseFirestore */,
				CF5BB6B828CA5DE500A42380 /* FirebaseFirestoreSwift */,
				CF5BB6BA28CA5DE500A42380 /* FirebaseStorage */,
			);
			productName = App;
			productReference = CF2AE15428CA58CC0023DDC9 /* App.app */;
			productType = "com.apple.product-type.application";
		};
		CF2AE16328CA58CD0023DDC9 /* AppTests */ = {
			isa = PBXNativeTarget;
			buildConfigurationList = CF2AE17B28CA58CD0023DDC9 /* Build configuration list for PBXNativeTarget "AppTests" */;
			buildPhases = (
				CF2AE16028CA58CD0023DDC9 /* Sources */,
				CF2AE16128CA58CD0023DDC9 /* Frameworks */,
				CF2AE16228CA58CD0023DDC9 /* Resources */,
			);
			buildRules = (
			);
			dependencies = (
				CF2AE16628CA58CD0023DDC9 /* PBXTargetDependency */,
			);
			name = AppTests;
			productName = AppTests;
			productReference = CF2AE16428CA58CD0023DDC9 /* AppTests.xctest */;
			productType = "com.apple.product-type.bundle.unit-test";
		};
		CF2AE16D28CA58CD0023DDC9 /* AppUITests */ = {
			isa = PBXNativeTarget;
			buildConfigurationList = CF2AE17E28CA58CD0023DDC9 /* Build configuration list for PBXNativeTarget "AppUITests" */;
			buildPhases = (
				CF2AE16A28CA58CD0023DDC9 /* Sources */,
				CF2AE16B28CA58CD0023DDC9 /* Frameworks */,
				CF2AE16C28CA58CD0023DDC9 /* Resources */,
			);
			buildRules = (
			);
			dependencies = (
				CF2AE17028CA58CD0023DDC9 /* PBXTargetDependency */,
			);
			name = AppUITests;
			productName = AppUITests;
			productReference = CF2AE16E28CA58CD0023DDC9 /* AppUITests.xctest */;
			productType = "com.apple.product-type.bundle.ui-testing";
		};
/* End PBXNativeTarget section */

/* Begin PBXProject section */
		CF2AE14C28CA58CC0023DDC9 /* Project object */ = {
			isa = PBXProject;
			attributes = {
				BuildIndependentTargetsInParallel = 1;
				LastSwiftUpdateCheck = 1340;
				LastUpgradeCheck = 1340;
				TargetAttributes = {
					CF2AE15328CA58CC0023DDC9 = {
						CreatedOnToolsVersion = 13.4.1;
					};
					CF2AE16328CA58CD0023DDC9 = {
						CreatedOnToolsVersion = 13.4.1;
						TestTargetID = CF2AE15328CA58CC0023DDC9;
					};
					CF2AE16D28CA58CD0023DDC9 = {
						CreatedOnToolsVersion = 13.4.1;
						TestTargetID = CF2AE15328CA58CC0023DDC9;
					};
				};
			};
			buildConfigurationList = CF2AE14F28CA58CC0023DDC9 /* Build configuration list for PBXProject "App" */;
			compatibilityVersion = "Xcode 13.0";
			developmentRegion = en;
			hasScannedForEncodings = 0;
			knownRegions = (
				en,
				Base,
			);
			mainGroup = CF2AE14B28CA58CC0023DDC9;
			packageReferences = (
				CF5BB6AF28CA5DE500A42380 /* XCRemoteSwiftPackageReference "firebase-ios-sdk" */,
			);
			productRefGroup = CF2AE15528CA58CC0023DDC9 /* Products */;
			projectDirPath = "";
			projectRoot = "";
			targets = (
				CF2AE15328CA58CC0023DDC9 /* App */,
				CF2AE16328CA58CD0023DDC9 /* AppTests */,
				CF2AE16D28CA58CD0023DDC9 /* AppUITests */,
			);
		};
/* End PBXProject section */

/* Begin PBXResourcesBuildPhase section */
		CF2AE15228CA58CC0023DDC9 /* Resources */ = {
			isa = PBXResourcesBuildPhase;
			buildActionMask = 2147483647;
			files = (
				CF2AE15F28CA58CD0023DDC9 /* Preview Assets.xcassets in Resources */,
				CF2AE15C28CA58CD0023DDC9 /* Assets.xcassets in Resources */,
				CF5BB6AE28CA59C700A42380 /* GoogleService-Info.plist in Resources */,
			);
			runOnlyForDeploymentPostprocessing = 0;
		};
		CF2AE16228CA58CD0023DDC9 /* Resources */ = {
			isa = PBXResourcesBuildPhase;
			buildActionMask = 2147483647;
			files = (
			);
			runOnlyForDeploymentPostprocessing = 0;
		};
		CF2AE16C28CA58CD0023DDC9 /* Resources */ = {
			isa = PBXResourcesBuildPhase;
			buildActionMask = 2147483647;
			files = (
			);
			runOnlyForDeploymentPostprocessing = 0;
		};
/* End PBXResourcesBuildPhase section */

/* Begin PBXSourcesBuildPhase section */
		CF2AE15028CA58CC0023DDC9 /* Sources */ = {
			isa = PBXSourcesBuildPhase;
			buildActionMask = 2147483647;
			files = (
				CF5BB6C128CA602400A42380 /* ViewModel.swift in Sources */,
				CF2AE18228CA58D60023DDC9 /* TabBar.swift in Sources */,
				CF5BB6C328CA60FC00A42380 /* FeedsView.swift in Sources */,
				CF5BB6BF28CA5FDE00A42380 /* Feed.swift in Sources */,
				CF2AE15A28CA58CC0023DDC9 /* ContentView.swift in Sources */,
				CF2AE15828CA58CC0023DDC9 /* AppApp.swift in Sources */,
			);
			runOnlyForDeploymentPostprocessing = 0;
		};
		CF2AE16028CA58CD0023DDC9 /* Sources */ = {
			isa = PBXSourcesBuildPhase;
			buildActionMask = 2147483647;
			files = (
				CF2AE16928CA58CD0023DDC9 /* AppTests.swift in Sources */,
			);
			runOnlyForDeploymentPostprocessing = 0;
		};
		CF2AE16A28CA58CD0023DDC9 /* Sources */ = {
			isa = PBXSourcesBuildPhase;
			buildActionMask = 2147483647;
			files = (
				CF2AE17528CA58CD0023DDC9 /* AppUITestsLaunchTests.swift in Sources */,
				CF2AE17328CA58CD0023DDC9 /* AppUITests.swift in Sources */,
			);
			runOnlyForDeploymentPostprocessing = 0;
		};
/* End PBXSourcesBuildPhase section */

/* Begin PBXTargetDependency section */
		CF2AE16628CA58CD0023DDC9 /* PBXTargetDependency */ = {
			isa = PBXTargetDependency;
			target = CF2AE15328CA58CC0023DDC9 /* App */;
			targetProxy = CF2AE16528CA58CD0023DDC9 /* PBXContainerItemProxy */;
		};
		CF2AE17028CA58CD0023DDC9 /* PBXTargetDependency */ = {
			isa = PBXTargetDependency;
			target = CF2AE15328CA58CC0023DDC9 /* App */;
			targetProxy = CF2AE16F28CA58CD0023DDC9 /* PBXContainerItemProxy */;
		};
/* End PBXTargetDependency section */

/* Begin XCBuildConfiguration section */
		CF2AE17628CA58CD0023DDC9 /* Debug */ = {
			isa = XCBuildConfiguration;
			buildSettings = {
				ALWAYS_SEARCH_USER_PATHS = NO;
				CLANG_ANALYZER_NONNULL = YES;
				CLANG_ANALYZER_NUMBER_OBJECT_CONVERSION = YES_AGGRESSIVE;
				CLANG_CXX_LANGUAGE_STANDARD = "gnu++17";
				CLANG_ENABLE_MODULES = YES;
				CLANG_ENABLE_OBJC_ARC = YES;
				CLANG_ENABLE_OBJC_WEAK = YES;
				CLANG_WARN_BLOCK_CAPTURE_AUTORELEASING = YES;
				CLANG_WARN_BOOL_CONVERSION = YES;
				CLANG_WARN_COMMA = YES;
				CLANG_WARN_CONSTANT_CONVERSION = YES;
				CLANG_WARN_DEPRECATED_OBJC_IMPLEMENTATIONS = YES;
				CLANG_WARN_DIRECT_OBJC_ISA_USAGE = YES_ERROR;
				CLANG_WARN_DOCUMENTATION_COMMENTS = YES;
				CLANG_WARN_EMPTY_BODY = YES;
				CLANG_WARN_ENUM_CONVERSION = YES;
				CLANG_WARN_INFINITE_RECURSION = YES;
				CLANG_WARN_INT_CONVERSION = YES;
				CLANG_WARN_NON_LITERAL_NULL_CONVERSION = YES;
				CLANG_WARN_OBJC_IMPLICIT_RETAIN_SELF = YES;
				CLANG_WARN_OBJC_LITERAL_CONVERSION = YES;
				CLANG_WARN_OBJC_ROOT_CLASS = YES_ERROR;
				CLANG_WARN_QUOTED_INCLUDE_IN_FRAMEWORK_HEADER = YES;
				CLANG_WARN_RANGE_LOOP_ANALYSIS = YES;
				CLANG_WARN_STRICT_PROTOTYPES = YES;
				CLANG_WARN_SUSPICIOUS_MOVE = YES;
				CLANG_WARN_UNGUARDED_AVAILABILITY = YES_AGGRESSIVE;
				CLANG_WARN_UNREACHABLE_CODE = YES;
				CLANG_WARN__DUPLICATE_METHOD_MATCH = YES;
				COPY_PHASE_STRIP = NO;
				DEBUG_INFORMATION_FORMAT = dwarf;
				ENABLE_STRICT_OBJC_MSGSEND = YES;
				ENABLE_TESTABILITY = YES;
				GCC_C_LANGUAGE_STANDARD = gnu11;
				GCC_DYNAMIC_NO_PIC = NO;
				GCC_NO_COMMON_BLOCKS = YES;
				GCC_OPTIMIZATION_LEVEL = 0;
				GCC_PREPROCESSOR_DEFINITIONS = (
					"DEBUG=1",
					"$(inherited)",
				);
				GCC_WARN_64_TO_32_BIT_CONVERSION = YES;
				GCC_WARN_ABOUT_RETURN_TYPE = YES_ERROR;
				GCC_WARN_UNDECLARED_SELECTOR = YES;
				GCC_WARN_UNINITIALIZED_AUTOS = YES_AGGRESSIVE;
				GCC_WARN_UNUSED_FUNCTION = YES;
				GCC_WARN_UNUSED_VARIABLE = YES;
				IPHONEOS_DEPLOYMENT_TARGET = 15.5;
				MTL_ENABLE_DEBUG_INFO = INCLUDE_SOURCE;
				MTL_FAST_MATH = YES;
				ONLY_ACTIVE_ARCH = YES;
				SDKROOT = iphoneos;
				SWIFT_ACTIVE_COMPILATION_CONDITIONS = DEBUG;
				SWIFT_OPTIMIZATION_LEVEL = "-Onone";
			};
			name = Debug;
		};
		CF2AE17728CA58CD0023DDC9 /* Release */ = {
			isa = XCBuildConfiguration;
			buildSettings = {
				ALWAYS_SEARCH_USER_PATHS = NO;
				CLANG_ANALYZER_NONNULL = YES;
				CLANG_ANALYZER_NUMBER_OBJECT_CONVERSION = YES_AGGRESSIVE;
				CLANG_CXX_LANGUAGE_STANDARD = "gnu++17";
				CLANG_ENABLE_MODULES = YES;
				CLANG_ENABLE_OBJC_ARC = YES;
				CLANG_ENABLE_OBJC_WEAK = YES;
				CLANG_WARN_BLOCK_CAPTURE_AUTORELEASING = YES;
				CLANG_WARN_BOOL_CONVERSION = YES;
				CLANG_WARN_COMMA = YES;
				CLANG_WARN_CONSTANT_CONVERSION = YES;
				CLANG_WARN_DEPRECATED_OBJC_IMPLEMENTATIONS = YES;
				CLANG_WARN_DIRECT_OBJC_ISA_USAGE = YES_ERROR;
				CLANG_WARN_DOCUMENTATION_COMMENTS = YES;
				CLANG_WARN_EMPTY_BODY = YES;
				CLANG_WARN_ENUM_CONVERSION = YES;
				CLANG_WARN_INFINITE_RECURSION = YES;
				CLANG_WARN_INT_CONVERSION = YES;
				CLANG_WARN_NON_LITERAL_NULL_CONVERSION = YES;
				CLANG_WARN_OBJC_IMPLICIT_RETAIN_SELF = YES;
				CLANG_WARN_OBJC_LITERAL_CONVERSION = YES;
				CLANG_WARN_OBJC_ROOT_CLASS = YES_ERROR;
				CLANG_WARN_QUOTED_INCLUDE_IN_FRAMEWORK_HEADER = YES;
				CLANG_WARN_RANGE_LOOP_ANALYSIS = YES;
				CLANG_WARN_STRICT_PROTOTYPES = YES;
				CLANG_WARN_SUSPICIOUS_MOVE = YES;
				CLANG_WARN_UNGUARDED_AVAILABILITY = YES_AGGRESSIVE;
				CLANG_WARN_UNREACHABLE_CODE = YES;
				CLANG_WARN__DUPLICATE_METHOD_MATCH = YES;
				COPY_PHASE_STRIP = NO;
				DEBUG_INFORMATION_FORMAT = "dwarf-with-dsym";
				ENABLE_NS_ASSERTIONS = NO;
				ENABLE_STRICT_OBJC_MSGSEND = YES;
				GCC_C_LANGUAGE_STANDARD = gnu11;
				GCC_NO_COMMON_BLOCKS = YES;
				GCC_WARN_64_TO_32_BIT_CONVERSION = YES;
				GCC_WARN_ABOUT_RETURN_TYPE = YES_ERROR;
				GCC_WARN_UNDECLARED_SELECTOR = YES;
				GCC_WARN_UNINITIALIZED_AUTOS = YES_AGGRESSIVE;
				GCC_WARN_UNUSED_FUNCTION = YES;
				GCC_WARN_UNUSED_VARIABLE = YES;
				IPHONEOS_DEPLOYMENT_TARGET = 15.5;
				MTL_ENABLE_DEBUG_INFO = NO;
				MTL_FAST_MATH = YES;
				SDKROOT = iphoneos;
				SWIFT_COMPILATION_MODE = wholemodule;
				SWIFT_OPTIMIZATION_LEVEL = "-O";
				VALIDATE_PRODUCT = YES;
			};
			name = Release;
		};
		CF2AE17928CA58CD0023DDC9 /* Debug */ = {
			isa = XCBuildConfiguration;
			buildSettings = {
				ASSETCATALOG_COMPILER_APPICON_NAME = AppIcon;
				ASSETCATALOG_COMPILER_GLOBAL_ACCENT_COLOR_NAME = AccentColor;
				CODE_SIGN_STYLE = Automatic;
				CURRENT_PROJECT_VERSION = 1;
				DEVELOPMENT_ASSET_PATHS = "\"App/Preview Content\"";
				ENABLE_PREVIEWS = YES;
				GENERATE_INFOPLIST_FILE = YES;
				INFOPLIST_KEY_UIApplicationSceneManifest_Generation = YES;
				INFOPLIST_KEY_UIApplicationSupportsIndirectInputEvents = YES;
				INFOPLIST_KEY_UILaunchScreen_Generation = YES;
				INFOPLIST_KEY_UISupportedInterfaceOrientations_iPad = "UIInterfaceOrientationPortrait UIInterfaceOrientationPortraitUpsideDown UIInterfaceOrientationLandscapeLeft UIInterfaceOrientationLandscapeRight";
				INFOPLIST_KEY_UISupportedInterfaceOrientations_iPhone = "UIInterfaceOrientationPortrait UIInterfaceOrientationLandscapeLeft UIInterfaceOrientationLandscapeRight";
				LD_RUNPATH_SEARCH_PATHS = (
					"$(inherited)",
					"@executable_path/Frameworks",
				);
				MARKETING_VERSION = 1.0;
				PRODUCT_BUNDLE_IDENTIFIER = dev.App;
				PRODUCT_NAME = "$(TARGET_NAME)";
				SWIFT_EMIT_LOC_STRINGS = YES;
				SWIFT_VERSION = 5.0;
				TARGETED_DEVICE_FAMILY = "1,2";
			};
			name = Debug;
		};
		CF2AE17A28CA58CD0023DDC9 /* Release */ = {
			isa = XCBuildConfiguration;
			buildSettings = {
				ASSETCATALOG_COMPILER_APPICON_NAME = AppIcon;
				ASSETCATALOG_COMPILER_GLOBAL_ACCENT_COLOR_NAME = AccentColor;
				CODE_SIGN_STYLE = Automatic;
				CURRENT_PROJECT_VERSION = 1;
				DEVELOPMENT_ASSET_PATHS = "\"App/Preview Content\"";
				ENABLE_PREVIEWS = YES;
				GENERATE_INFOPLIST_FILE = YES;
				INFOPLIST_KEY_UIApplicationSceneManifest_Generation = YES;
				INFOPLIST_KEY_UIApplicationSupportsIndirectInputEvents = YES;
				INFOPLIST_KEY_UILaunchScreen_Generation = YES;
				INFOPLIST_KEY_UISupportedInterfaceOrientations_iPad = "UIInterfaceOrientationPortrait UIInterfaceOrientationPortraitUpsideDown UIInterfaceOrientationLandscapeLeft UIInterfaceOrientationLandscapeRight";
				INFOPLIST_KEY_UISupportedInterfaceOrientations_iPhone = "UIInterfaceOrientationPortrait UIInterfaceOrientationLandscapeLeft UIInterfaceOrientationLandscapeRight";
				LD_RUNPATH_SEARCH_PATHS = (
					"$(inherited)",
					"@executable_path/Frameworks",
				);
				MARKETING_VERSION = 1.0;
				PRODUCT_BUNDLE_IDENTIFIER = dev.App;
				PRODUCT_NAME = "$(TARGET_NAME)";
				SWIFT_EMIT_LOC_STRINGS = YES;
				SWIFT_VERSION = 5.0;
				TARGETED_DEVICE_FAMILY = "1,2";
			};
			name = Release;
		};
		CF2AE17C28CA58CD0023DDC9 /* Debug */ = {
			isa = XCBuildConfiguration;
			buildSettings = {
				ALWAYS_EMBED_SWIFT_STANDARD_LIBRARIES = YES;
				BUNDLE_LOADER = "$(TEST_HOST)";
				CODE_SIGN_STYLE = Automatic;
				CURRENT_PROJECT_VERSION = 1;
				GENERATE_INFOPLIST_FILE = YES;
				IPHONEOS_DEPLOYMENT_TARGET = 15.5;
				MARKETING_VERSION = 1.0;
				PRODUCT_BUNDLE_IDENTIFIER = dev.AppTests;
				PRODUCT_NAME = "$(TARGET_NAME)";
				SWIFT_EMIT_LOC_STRINGS = NO;
				SWIFT_VERSION = 5.0;
				TARGETED_DEVICE_FAMILY = "1,2";
				TEST_HOST = "$(BUILT_PRODUCTS_DIR)/App.app/App";
			};
			name = Debug;
		};
		CF2AE17D28CA58CD0023DDC9 /* Release */ = {
			isa = XCBuildConfiguration;
			buildSettings = {
				ALWAYS_EMBED_SWIFT_STANDARD_LIBRARIES = YES;
				BUNDLE_LOADER = "$(TEST_HOST)";
				CODE_SIGN_STYLE = Automatic;
				CURRENT_PROJECT_VERSION = 1;
				GENERATE_INFOPLIST_FILE = YES;
				IPHONEOS_DEPLOYMENT_TARGET = 15.5;
				MARKETING_VERSION = 1.0;
				PRODUCT_BUNDLE_IDENTIFIER = dev.AppTests;
				PRODUCT_NAME = "$(TARGET_NAME)";
				SWIFT_EMIT_LOC_STRINGS = NO;
				SWIFT_VERSION = 5.0;
				TARGETED_DEVICE_FAMILY = "1,2";
				TEST_HOST = "$(BUILT_PRODUCTS_DIR)/App.app/App";
			};
			name = Release;
		};
		CF2AE17F28CA58CD0023DDC9 /* Debug */ = {
			isa = XCBuildConfiguration;
			buildSettings = {
				ALWAYS_EMBED_SWIFT_STANDARD_LIBRARIES = YES;
				CODE_SIGN_STYLE = Automatic;
				CURRENT_PROJECT_VERSION = 1;
				GENERATE_INFOPLIST_FILE = YES;
				MARKETING_VERSION = 1.0;
				PRODUCT_BUNDLE_IDENTIFIER = dev.AppUITests;
				PRODUCT_NAME = "$(TARGET_NAME)";
				SWIFT_EMIT_LOC_STRINGS = NO;
				SWIFT_VERSION = 5.0;
				TARGETED_DEVICE_FAMILY = "1,2";
				TEST_TARGET_NAME = App;
			};
			name = Debug;
		};
		CF2AE18028CA58CD0023DDC9 /* Release */ = {
			isa = XCBuildConfiguration;
			buildSettings = {
				ALWAYS_EMBED_SWIFT_STANDARD_LIBRARIES = YES;
				CODE_SIGN_STYLE = Automatic;
				CURRENT_PROJECT_VERSION = 1;
				GENERATE_INFOPLIST_FILE = YES;
				MARKETING_VERSION = 1.0;
				PRODUCT_BUNDLE_IDENTIFIER = dev.AppUITests;
				PRODUCT_NAME = "$(TARGET_NAME)";
				SWIFT_EMIT_LOC_STRINGS = NO;
				SWIFT_VERSION = 5.0;
				TARGETED_DEVICE_FAMILY = "1,2";
				TEST_TARGET_NAME = App;
			};
			name = Release;
		};
/* End XCBuildConfiguration section */

/* Begin XCConfigurationList section */
		CF2AE14F28CA58CC0023DDC9 /* Build configuration list for PBXProject "App" */ = {
			isa = XCConfigurationList;
			buildConfigurations = (
				CF2AE17628CA58CD0023DDC9 /* Debug */,
				CF2AE17728CA58CD0023DDC9 /* Release */,
			);
			defaultConfigurationIsVisible = 0;
			defaultConfigurationName = Release;
		};
		CF2AE17828CA58CD0023DDC9 /* Build configuration list for PBXNativeTarget "App" */ = {
			isa = XCConfigurationList;
			buildConfigurations = (
				CF2AE17928CA58CD0023DDC9 /* Debug */,
				CF2AE17A28CA58CD0023DDC9 /* Release */,
			);
			defaultConfigurationIsVisible = 0;
			defaultConfigurationName = Release;
		};
		CF2AE17B28CA58CD0023DDC9 /* Build configuration list for PBXNativeTarget "AppTests" */ = {
			isa = XCConfigurationList;
			buildConfigurations = (
				CF2AE17C28CA58CD0023DDC9 /* Debug */,
				CF2AE17D28CA58CD0023DDC9 /* Release */,
			);
			defaultConfigurationIsVisible = 0;
			defaultConfigurationName = Release;
		};
		CF2AE17E28CA58CD0023DDC9 /* Build configuration list for PBXNativeTarget "AppUITests" */ = {
			isa = XCConfigurationList;
			buildConfigurations = (
				CF2AE17F28CA58CD0023DDC9 /* Debug */,
				CF2AE18028CA58CD0023DDC9 /* Release */,
			);
			defaultConfigurationIsVisible = 0;
			defaultConfigurationName = Release;
		};
/* End XCConfigurationList section */

/* Begin XCRemoteSwiftPackageReference section */
		CF5BB6AF28CA5DE500A42380 /* XCRemoteSwiftPackageReference "firebase-ios-sdk" */ = {
			isa = XCRemoteSwiftPackageReference;
			repositoryURL = "https://github.com/firebase/firebase-ios-sdk";
			requirement = {
				kind = upToNextMajorVersion;
				minimumVersion = 9.0.0;
			};
		};
/* End XCRemoteSwiftPackageReference section */

/* Begin XCSwiftPackageProductDependency section */
		CF5BB6B028CA5DE500A42380 /* FirebaseAuth */ = {
			isa = XCSwiftPackageProductDependency;
			package = CF5BB6AF28CA5DE500A42380 /* XCRemoteSwiftPackageReference "firebase-ios-sdk" */;
			productName = FirebaseAuth;
		};
		CF5BB6B228CA5DE500A42380 /* FirebaseDatabase */ = {
			isa = XCSwiftPackageProductDependency;
			package = CF5BB6AF28CA5DE500A42380 /* XCRemoteSwiftPackageReference "firebase-ios-sdk" */;
			productName = FirebaseDatabase;
		};
		CF5BB6B428CA5DE500A42380 /* FirebaseDatabaseSwift */ = {
			isa = XCSwiftPackageProductDependency;
			package = CF5BB6AF28CA5DE500A42380 /* XCRemoteSwiftPackageReference "firebase-ios-sdk" */;
			productName = FirebaseDatabaseSwift;
		};
		CF5BB6B628CA5DE500A42380 /* FirebaseFirestore */ = {
			isa = XCSwiftPackageProductDependency;
			package = CF5BB6AF28CA5DE500A42380 /* XCRemoteSwiftPackageReference "firebase-ios-sdk" */;
			productName = FirebaseFirestore;
		};
		CF5BB6B828CA5DE500A42380 /* FirebaseFirestoreSwift */ = {
			isa = XCSwiftPackageProductDependency;
			package = CF5BB6AF28CA5DE500A42380 /* XCRemoteSwiftPackageReference "firebase-ios-sdk" */;
			productName = FirebaseFirestoreSwift;
		};
		CF5BB6BA28CA5DE500A42380 /* FirebaseStorage */ = {
			isa = XCSwiftPackageProductDependency;
			package = CF5BB6AF28CA5DE500A42380 /* XCRemoteSwiftPackageReference "firebase-ios-sdk" */;
			productName = FirebaseStorage;
		};
/* End XCSwiftPackageProductDependency section */
	};
	rootObject = CF2AE14C28CA58CC0023DDC9 /* Project object */;
}
